
Microsoft Visual Studio Solution File, Format Version 12.00
# Visual Studio Version 16
VisualStudioVersion = 16.0.31729.503
MinimumVisualStudioVersion = 10.0.40219.1
Project("{FAE04EC0-301F-11D3-BF4B-00C04F79EFBC}") = "MyStoreTest", "MyStoreTest\MyStoreTest.csproj", "{C4FC7A58-5CAF-46B8-AECB-84D3F0AEF23F}"
EndProject
Global
	GlobalSection(SolutionConfigurationPlatforms) = preSolution
		Debug|Any CPU = Debug|Any CPU
		Release|Any CPU = Release|Any CPU
	EndGlobalSection
	GlobalSection(ProjectConfigurationPlatforms) = postSolution
		{C4FC7A58-5CAF-46B8-AECB-84D3F0AEF23F}.Debug|Any CPU.ActiveCfg = Debug|Any CPU
		{C4FC7A58-5CAF-46B8-AECB-84D3F0AEF23F}.Debug|Any CPU.Build.0 = Debug|Any CPU
		{C4FC7A58-5CAF-46B8-AECB-84D3F0AEF23F}.Release|Any CPU.ActiveCfg = Release|Any CPU
		{C4FC7A58-5CAF-46B8-AECB-84D3F0AEF23F}.Release|Any CPU.Build.0 = Release|Any CPU
	EndGlobalSection
	GlobalSection(SolutionProperties) = preSolution
		HideSolutionNode = FALSE
	EndGlobalSection
	GlobalSection(ExtensibilityGlobals) = postSolution
		SolutionGuid = {BBE9B9F9-43B8-40F0-B5B7-9BFBF44902C2}
	EndGlobalSection
EndGlobal
